# THIS IS AN AUTOGENERATED FILE. DO NOT EDIT THIS FILE DIRECTLY.
# yarn lockfile v1


omnitone@^1.0.5:
  version "1.2.1"
  resolved "https://registry.yarnpkg.com/omnitone/-/omnitone-1.2.1.tgz#ef4d166c8fa948432581a0fd33d05cbc0807e2af"

resonance-audio@^1.0.0:
  version "1.0.0"
  resolved "https://registry.yarnpkg.com/resonance-audio/-/resonance-audio-1.0.0.tgz#65a12dfba0b2baf0a7fad257b3887a0c6147eae6"
  dependencies:
    omnitone "^1.0.5"
